// !$*UTF8*$!
{
	archiveVersion = 1;
	classes = {
	};
	objectVersion = 55;
	objects = {

/* Begin PBXBuildFile section */
		B392FCB027C26E96002DD2FB /* MyArchitecture_CommonUtility.docc in Sources */ = {isa = PBXBuildFile; fileRef = B392FCAF27C26E96002DD2FB /* MyArchitecture_CommonUtility.docc */; };
		B392FCB627C26E96002DD2FB /* MyArchitecture_CommonUtility.framework in Frameworks */ = {isa = PBXBuildFile; fileRef = B392FCAB27C26E96002DD2FB /* MyArchitecture_CommonUtility.framework */; };
		B392FCBB27C26E96002DD2FB /* MyArchitecture_CommonUtilityTests.swift in Sources */ = {isa = PBXBuildFile; fileRef = B392FCBA27C26E96002DD2FB /* MyArchitecture_CommonUtilityTests.swift */; };
		B392FCBC27C26E96002DD2FB /* MyArchitecture_CommonUtility.h in Headers */ = {isa = PBXBuildFile; fileRef = B392FCAE27C26E96002DD2FB /* MyArchitecture_CommonUtility.h */; settings = {ATTRIBUTES = (Public, ); }; };
/* End PBXBuildFile section */

/* Begin PBXContainerItemProxy section */
		B392FCB727C26E96002DD2FB /* PBXContainerItemProxy */ = {
			isa = PBXContainerItemProxy;
			containerPortal = B392FCA227C26E96002DD2FB /* Project object */;
			proxyType = 1;
			remoteGlobalIDString = B392FCAA27C26E96002DD2FB;
			remoteInfo = "MyArchitecture-CommonUtility";
		};
/* End PBXContainerItemProxy section */

/* Begin PBXFileReference section */
		B392FCAB27C26E96002DD2FB /* MyArchitecture_CommonUtility.framework */ = {isa = PBXFileReference; explicitFileType = wrapper.framework; includeInIndex = 0; path = MyArchitecture_CommonUtility.framework; sourceTree = BUILT_PRODUCTS_DIR; };
		B392FCAE27C26E96002DD2FB /* MyArchitecture_CommonUtility.h */ = {isa = PBXFileReference; lastKnownFileType = sourcecode.c.h; path = MyArchitecture_CommonUtility.h; sourceTree = "<group>"; };
		B392FCAF27C26E96002DD2FB /* MyArchitecture_CommonUtility.docc */ = {isa = PBXFileReference; lastKnownFileType = folder.documentationcatalog; path = MyArchitecture_CommonUtility.docc; sourceTree = "<group>"; };
		B392FCB527C26E96002DD2FB /* MyArchitecture-CommonUtilityTests.xctest */ = {isa = PBXFileReference; explicitFileType = wrapper.cfbundle; includeInIndex = 0; path = "MyArchitecture-CommonUtilityTests.xctest"; sourceTree = BUILT_PRODUCTS_DIR; };
		B392FCBA27C26E96002DD2FB /* MyArchitecture_CommonUtilityTests.swift */ = {isa = PBXFileReference; lastKnownFileType = sourcecode.swift; path = MyArchitecture_CommonUtilityTests.swift; sourceTree = "<group>"; };
/* End PBXFileReference section */

/* Begin PBXFrameworksBuildPhase section */
		B392FCA827C26E96002DD2FB /* Frameworks */ = {
			isa = PBXFrameworksBuildPhase;
			buildActionMask = 2147483647;
			files = (
			);
			runOnlyForDeploymentPostprocessing = 0;
		};
		B392FCB227C26E96002DD2FB /* Frameworks */ = {
			isa = PBXFrameworksBuildPhase;
			buildActionMask = 2147483647;
			files = (
				B392FCB627C26E96002DD2FB /* MyArchitecture_CommonUtility.framework in Frameworks */,
			);
			runOnlyForDeploymentPostprocessing = 0;
		};
/* End PBXFrameworksBuildPhase section */

/* Begin PBXGroup section */
		B392FCA127C26E96002DD2FB = {
			isa = PBXGroup;
			children = (
				B392FCAD27C26E96002DD2FB /* MyArchitecture-CommonUtility */,
				B392FCB927C26E96002DD2FB /* MyArchitecture-CommonUtilityTests */,
				B392FCAC27C26E96002DD2FB /* Products */,
			);
			sourceTree = "<group>";
		};
		B392FCAC27C26E96002DD2FB /* Products */ = {
			isa = PBXGroup;
			children = (
				B392FCAB27C26E96002DD2FB /* MyArchitecture_CommonUtility.framework */,
				B392FCB527C26E96002DD2FB /* MyArchitecture-CommonUtilityTests.xctest */,
			);
			name = Products;
			sourceTree = "<group>";
		};
		B392FCAD27C26E96002DD2FB /* MyArchitecture-CommonUtility */ = {
			isa = PBXGroup;
			children = (
				B392FCAE27C26E96002DD2FB /* MyArchitecture_CommonUtility.h */,
				B392FCAF27C26E96002DD2FB /* MyArchitecture_CommonUtility.docc */,
			);
			path = "MyArchitecture-CommonUtility";
			sourceTree = "<group>";
		};
		B392FCB927C26E96002DD2FB /* MyArchitecture-CommonUtilityTests */ = {
			isa = PBXGroup;
			children = (
				B392FCBA27C26E96002DD2FB /* MyArchitecture_CommonUtilityTests.swift */,
			);
			path = "MyArchitecture-CommonUtilityTests";
			sourceTree = "<group>";
		};
/* End PBXGroup section */

/* Begin PBXHeadersBuildPhase section */
		B392FCA627C26E96002DD2FB /* Headers */ = {
			isa = PBXHeadersBuildPhase;
			buildActionMask = 2147483647;
			files = (
				B392FCBC27C26E96002DD2FB /* MyArchitecture_CommonUtility.h in Headers */,
			);
			runOnlyForDeploymentPostprocessing = 0;
		};
/* End PBXHeadersBuildPhase section */

/* Begin PBXNativeTarget section */
		B392FCAA27C26E96002DD2FB /* MyArchitecture-CommonUtility */ = {
			isa = PBXNativeTarget;
			buildConfigurationList = B392FCBF27C26E96002DD2FB /* Build configuration list for PBXNativeTarget "MyArchitecture-CommonUtility" */;
			buildPhases = (
				B392FCA627C26E96002DD2FB /* Headers */,
				B392FCA727C26E96002DD2FB /* Sources */,
				B392FCA827C26E96002DD2FB /* Frameworks */,
				B392FCA927C26E96002DD2FB /* Resources */,
			);
			buildRules = (
			);
			dependencies = (
			);
			name = "MyArchitecture-CommonUtility";
			productName = "MyArchitecture-CommonUtility";
			productReference = B392FCAB27C26E96002DD2FB /* MyArchitecture_CommonUtility.framework */;
			productType = "com.apple.product-type.framework";
		};
		B392FCB427C26E96002DD2FB /* MyArchitecture-CommonUtilityTests */ = {
			isa = PBXNativeTarget;
			buildConfigurationList = B392FCC227C26E96002DD2FB /* Build configuration list for PBXNativeTarget "MyArchitecture-CommonUtilityTests" */;
			buildPhases = (
				B392FCB127C26E96002DD2FB /* Sources */,
				B392FCB227C26E96002DD2FB /* Frameworks */,
				B392FCB327C26E96002DD2FB /* Resources */,
			);
			buildRules = (
			);
			dependencies = (
				B392FCB827C26E96002DD2FB /* PBXTargetDependency */,
			);
			name = "MyArchitecture-CommonUtilityTests";
			productName = "MyArchitecture-CommonUtilityTests";
			productReference = B392FCB527C26E96002DD2FB /* MyArchitecture-CommonUtilityTests.xctest */;
			productType = "com.apple.product-type.bundle.unit-test";
		};
/* End PBXNativeTarget section */

/* Begin PBXProject section */
		B392FCA227C26E96002DD2FB /* Project object */ = {
			isa = PBXProject;
			attributes = {
				BuildIndependentTargetsInParallel = 1;
				LastSwiftUpdateCheck = 1320;
				LastUpgradeCheck = 1320;
				TargetAttributes = {
					B392FCAA27C26E96002DD2FB = {
						CreatedOnToolsVersion = 13.2.1;
					};
					B392FCB427C26E96002DD2FB = {
						CreatedOnToolsVersion = 13.2.1;
					};
				};
			};
			buildConfigurationList = B392FCA527C26E96002DD2FB /* Build configuration list for PBXProject "MyArchitecture-CommonUtility" */;
			compatibilityVersion = "Xcode 13.0";
			developmentRegion = en;
			hasScannedForEncodings = 0;
			knownRegions = (
				en,
				Base,
			);
			mainGroup = B392FCA127C26E96002DD2FB;
			productRefGroup = B392FCAC27C26E96002DD2FB /* Products */;
			projectDirPath = "";
			projectRoot = "";
			targets = (
				B392FCAA27C26E96002DD2FB /* MyArchitecture-CommonUtility */,
				B392FCB427C26E96002DD2FB /* MyArchitecture-CommonUtilityTests */,
			);
		};
/* End PBXProject section */

/* Begin PBXResourcesBuildPhase section */
		B392FCA927C26E96002DD2FB /* Resources */ = {
			isa = PBXResourcesBuildPhase;
			buildActionMask = 2147483647;
			files = (
			);
			runOnlyForDeploymentPostprocessing = 0;
		};
		B392FCB327C26E96002DD2FB /* Resources */ = {
			isa = PBXResourcesBuildPhase;
			buildActionMask = 2147483647;
			files = (
			);
			runOnlyForDeploymentPostprocessing = 0;
		};
/* End PBXResourcesBuildPhase section */

/* Begin PBXSourcesBuildPhase section */
		B392FCA727C26E96002DD2FB /* Sources */ = {
			isa = PBXSourcesBuildPhase;
			buildActionMask = 2147483647;
			files = (
				B392FCB027C26E96002DD2FB /* MyArchitecture_CommonUtility.docc in Sources */,
			);
			runOnlyForDeploymentPostprocessing = 0;
		};
		B392FCB127C26E96002DD2FB /* Sources */ = {
			isa = PBXSourcesBuildPhase;
			buildActionMask = 2147483647;
			files = (
				B392FCBB27C26E96002DD2FB /* MyArchitecture_CommonUtilityTests.swift in Sources */,
			);
			runOnlyForDeploymentPostprocessing = 0;
		};
/* End PBXSourcesBuildPhase section */

/* Begin PBXTargetDependency section */
		B392FCB827C26E96002DD2FB /* PBXTargetDependency */ = {
			isa = PBXTargetDependency;
			target = B392FCAA27C26E96002DD2FB /* MyArchitecture-CommonUtility */;
			targetProxy = B392FCB727C26E96002DD2FB /* PBXContainerItemProxy */;
		};
/* End PBXTargetDependency section */

/* Begin XCBuildConfiguration section */
		B392FCBD27C26E96002DD2FB /* Debug */ = {
			isa = XCBuildConfiguration;
			buildSettings = {
				ALWAYS_SEARCH_USER_PATHS = NO;
				CLANG_ANALYZER_NONNULL = YES;
				CLANG_ANALYZER_NUMBER_OBJECT_CONVERSION = YES_AGGRESSIVE;
				CLANG_CXX_LANGUAGE_STANDARD = "gnu++17";
				CLANG_CXX_LIBRARY = "libc++";
				CLANG_ENABLE_MODULES = YES;
				CLANG_ENABLE_OBJC_ARC = YES;
				CLANG_ENABLE_OBJC_WEAK = YES;
				CLANG_WARN_BLOCK_CAPTURE_AUTORELEASING = YES;
				CLANG_WARN_BOOL_CONVERSION = YES;
				CLANG_WARN_COMMA = YES;
				CLANG_WARN_CONSTANT_CONVERSION = YES;
				CLANG_WARN_DEPRECATED_OBJC_IMPLEMENTATIONS = YES;
				CLANG_WARN_DIRECT_OBJC_ISA_USAGE = YES_ERROR;
				CLANG_WARN_DOCUMENTATION_COMMENTS = YES;
				CLANG_WARN_EMPTY_BODY = YES;
				CLANG_WARN_ENUM_CONVERSION = YES;
				CLANG_WARN_INFINITE_RECURSION = YES;
				CLANG_WARN_INT_CONVERSION = YES;
				CLANG_WARN_NON_LITERAL_NULL_CONVERSION = YES;
				CLANG_WARN_OBJC_IMPLICIT_RETAIN_SELF = YES;
				CLANG_WARN_OBJC_LITERAL_CONVERSION = YES;
				CLANG_WARN_OBJC_ROOT_CLASS = YES_ERROR;
				CLANG_WARN_QUOTED_INCLUDE_IN_FRAMEWORK_HEADER = YES;
				CLANG_WARN_RANGE_LOOP_ANALYSIS = YES;
				CLANG_WARN_STRICT_PROTOTYPES = YES;
				CLANG_WARN_SUSPICIOUS_MOVE = YES;
				CLANG_WARN_UNGUARDED_AVAILABILITY = YES_AGGRESSIVE;
				CLANG_WARN_UNREACHABLE_CODE = YES;
				CLANG_WARN__DUPLICATE_METHOD_MATCH = YES;
				COPY_PHASE_STRIP = NO;
				CURRENT_PROJECT_VERSION = 1;
				DEBUG_INFORMATION_FORMAT = dwarf;
				ENABLE_STRICT_OBJC_MSGSEND = YES;
				ENABLE_TESTABILITY = YES;
				GCC_C_LANGUAGE_STANDARD = gnu11;
				GCC_DYNAMIC_NO_PIC = NO;
				GCC_NO_COMMON_BLOCKS = YES;
				GCC_OPTIMIZATION_LEVEL = 0;
				GCC_PREPROCESSOR_DEFINITIONS = (
					"DEBUG=1",
					"$(inherited)",
				);
				GCC_WARN_64_TO_32_BIT_CONVERSION = YES;
				GCC_WARN_ABOUT_RETURN_TYPE = YES_ERROR;
				GCC_WARN_UNDECLARED_SELECTOR = YES;
				GCC_WARN_UNINITIALIZED_AUTOS = YES_AGGRESSIVE;
				GCC_WARN_UNUSED_FUNCTION = YES;
				GCC_WARN_UNUSED_VARIABLE = YES;
				IPHONEOS_DEPLOYMENT_TARGET = 14.0;
				MTL_ENABLE_DEBUG_INFO = INCLUDE_SOURCE;
				MTL_FAST_MATH = YES;
				ONLY_ACTIVE_ARCH = YES;
				SDKROOT = iphoneos;
				SWIFT_ACTIVE_COMPILATION_CONDITIONS = DEBUG;
				SWIFT_OPTIMIZATION_LEVEL = "-Onone";
				VERSIONING_SYSTEM = "apple-generic";
				VERSION_INFO_PREFIX = "";
			};
			name = Debug;
		};
		B392FCBE27C26E96002DD2FB /* Release */ = {
			isa = XCBuildConfiguration;
			buildSettings = {
				ALWAYS_SEARCH_USER_PATHS = NO;
				CLANG_ANALYZER_NONNULL = YES;
				CLANG_ANALYZER_NUMBER_OBJECT_CONVERSION = YES_AGGRESSIVE;
				CLANG_CXX_LANGUAGE_STANDARD = "gnu++17";
				CLANG_CXX_LIBRARY = "libc++";
				CLANG_ENABLE_MODULES = YES;
				CLANG_ENABLE_OBJC_ARC = YES;
				CLANG_ENABLE_OBJC_WEAK = YES;
				CLANG_WARN_BLOCK_CAPTURE_AUTORELEASING = YES;
				CLANG_WARN_BOOL_CONVERSION = YES;
				CLANG_WARN_COMMA = YES;
				CLANG_WARN_CONSTANT_CONVERSION = YES;
				CLANG_WARN_DEPRECATED_OBJC_IMPLEMENTATIONS = YES;
				CLANG_WARN_DIRECT_OBJC_ISA_USAGE = YES_ERROR;
				CLANG_WARN_DOCUMENTATION_COMMENTS = YES;
				CLANG_WARN_EMPTY_BODY = YES;
				CLANG_WARN_ENUM_CONVERSION = YES;
				CLANG_WARN_INFINITE_RECURSION = YES;
				CLANG_WARN_INT_CONVERSION = YES;
				CLANG_WARN_NON_LITERAL_NULL_CONVERSION = YES;
				CLANG_WARN_OBJC_IMPLICIT_RETAIN_SELF = YES;
				CLANG_WARN_OBJC_LITERAL_CONVERSION = YES;
				CLANG_WARN_OBJC_ROOT_CLASS = YES_ERROR;
				CLANG_WARN_QUOTED_INCLUDE_IN_FRAMEWORK_HEADER = YES;
				CLANG_WARN_RANGE_LOOP_ANALYSIS = YES;
				CLANG_WARN_STRICT_PROTOTYPES = YES;
				CLANG_WARN_SUSPICIOUS_MOVE = YES;
				CLANG_WARN_UNGUARDED_AVAILABILITY = YES_AGGRESSIVE;
				CLANG_WARN_UNREACHABLE_CODE = YES;
				CLANG_WARN__DUPLICATE_METHOD_MATCH = YES;
				COPY_PHASE_STRIP = NO;
				CURRENT_PROJECT_VERSION = 1;
				DEBUG_INFORMATION_FORMAT = "dwarf-with-dsym";
				ENABLE_NS_ASSERTIONS = NO;
				ENABLE_STRICT_OBJC_MSGSEND = YES;
				GCC_C_LANGUAGE_STANDARD = gnu11;
				GCC_NO_COMMON_BLOCKS = YES;
				GCC_WARN_64_TO_32_BIT_CONVERSION = YES;
				GCC_WARN_ABOUT_RETURN_TYPE = YES_ERROR;
				GCC_WARN_UNDECLARED_SELECTOR = YES;
				GCC_WARN_UNINITIALIZED_AUTOS = YES_AGGRESSIVE;
				GCC_WARN_UNUSED_FUNCTION = YES;
				GCC_WARN_UNUSED_VARIABLE = YES;
				IPHONEOS_DEPLOYMENT_TARGET = 14.0;
				MTL_ENABLE_DEBUG_INFO = NO;
				MTL_FAST_MATH = YES;
				SDKROOT = iphoneos;
				SWIFT_COMPILATION_MODE = wholemodule;
				SWIFT_OPTIMIZATION_LEVEL = "-O";
				VALIDATE_PRODUCT = YES;
				VERSIONING_SYSTEM = "apple-generic";
				VERSION_INFO_PREFIX = "";
			};
			name = Release;
		};
		B392FCC027C26E96002DD2FB /* Debug */ = {
			isa = XCBuildConfiguration;
			buildSettings = {
				CODE_SIGN_STYLE = Automatic;
				CURRENT_PROJECT_VERSION = 1;
				DEFINES_MODULE = YES;
				DYLIB_COMPATIBILITY_VERSION = 1;
				DYLIB_CURRENT_VERSION = 1;
				DYLIB_INSTALL_NAME_BASE = "@rpath";
				GENERATE_INFOPLIST_FILE = YES;
				INFOPLIST_KEY_NSHumanReadableCopyright = "";
				INSTALL_PATH = "$(LOCAL_LIBRARY_DIR)/Frameworks";
				LD_RUNPATH_SEARCH_PATHS = (
					"$(inherited)",
					"@executable_path/Frameworks",
					"@loader_path/Frameworks",
				);
				MARKETING_VERSION = 1.0;
				PRODUCT_BUNDLE_IDENTIFIER = "Nakjin-Kim.MyArchitecture-CommonUtility";
				PRODUCT_NAME = "$(TARGET_NAME:c99extidentifier)";
				SKIP_INSTALL = YES;
				SWIFT_EMIT_LOC_STRINGS = YES;
				SWIFT_VERSION = 5.0;
				TARGETED_DEVICE_FAMILY = "1,2";
			};
			name = Debug;
		};
		B392FCC127C26E96002DD2FB /* Release */ = {
			isa = XCBuildConfiguration;
			buildSettings = {
				CODE_SIGN_STYLE = Automatic;
				CURRENT_PROJECT_VERSION = 1;
				DEFINES_MODULE = YES;
				DYLIB_COMPATIBILITY_VERSION = 1;
				DYLIB_CURRENT_VERSION = 1;
				DYLIB_INSTALL_NAME_BASE = "@rpath";
				GENERATE_INFOPLIST_FILE = YES;
				INFOPLIST_KEY_NSHumanReadableCopyright = "";
				INSTALL_PATH = "$(LOCAL_LIBRARY_DIR)/Frameworks";
				LD_RUNPATH_SEARCH_PATHS = (
					"$(inherited)",
					"@executable_path/Frameworks",
					"@loader_path/Frameworks",
				);
				MARKETING_VERSION = 1.0;
				PRODUCT_BUNDLE_IDENTIFIER = "Nakjin-Kim.MyArchitecture-CommonUtility";
				PRODUCT_NAME = "$(TARGET_NAME:c99extidentifier)";
				SKIP_INSTALL = YES;
				SWIFT_EMIT_LOC_STRINGS = YES;
				SWIFT_VERSION = 5.0;
				TARGETED_DEVICE_FAMILY = "1,2";
			};
			name = Release;
		};
		B392FCC327C26E96002DD2FB /* Debug */ = {
			isa = XCBuildConfiguration;
			buildSettings = {
				CODE_SIGN_STYLE = Automatic;
				CURRENT_PROJECT_VERSION = 1;
				GENERATE_INFOPLIST_FILE = YES;
				MARKETING_VERSION = 1.0;
				PRODUCT_BUNDLE_IDENTIFIER = "Nakjin-Kim.MyArchitecture-CommonUtilityTests";
				PRODUCT_NAME = "$(TARGET_NAME)";
				SWIFT_EMIT_LOC_STRINGS = NO;
				SWIFT_VERSION = 5.0;
				TARGETED_DEVICE_FAMILY = "1,2";
			};
			name = Debug;
		};
		B392FCC427C26E96002DD2FB /* Release */ = {
			isa = XCBuildConfiguration;
			buildSettings = {
				CODE_SIGN_STYLE = Automatic;
				CURRENT_PROJECT_VERSION = 1;
				GENERATE_INFOPLIST_FILE = YES;
				MARKETING_VERSION = 1.0;
				PRODUCT_BUNDLE_IDENTIFIER = "Nakjin-Kim.MyArchitecture-CommonUtilityTests";
				PRODUCT_NAME = "$(TARGET_NAME)";
				SWIFT_EMIT_LOC_STRINGS = NO;
				SWIFT_VERSION = 5.0;
				TARGETED_DEVICE_FAMILY = "1,2";
			};
			name = Release;
		};
/* End XCBuildConfiguration section */

/* Begin XCConfigurationList section */
		B392FCA527C26E96002DD2FB /* Build configuration list for PBXProject "MyArchitecture-CommonUtility" */ = {
			isa = XCConfigurationList;
			buildConfigurations = (
				B392FCBD27C26E96002DD2FB /* Debug */,
				B392FCBE27C26E96002DD2FB /* Release */,
			);
			defaultConfigurationIsVisible = 0;
			defaultConfigurationName = Release;
		};
		B392FCBF27C26E96002DD2FB /* Build configuration list for PBXNativeTarget "MyArchitecture-CommonUtility" */ = {
			isa = XCConfigurationList;
			buildConfigurations = (
				B392FCC027C26E96002DD2FB /* Debug */,
				B392FCC127C26E96002DD2FB /* Release */,
			);
			defaultConfigurationIsVisible = 0;
			defaultConfigurationName = Release;
		};
		B392FCC227C26E96002DD2FB /* Build configuration list for PBXNativeTarget "MyArchitecture-CommonUtilityTests" */ = {
			isa = XCConfigurationList;
			buildConfigurations = (
				B392FCC327C26E96002DD2FB /* Debug */,
				B392FCC427C26E96002DD2FB /* Release */,
			);
			defaultConfigurationIsVisible = 0;
			defaultConfigurationName = Release;
		};
/* End XCConfigurationList section */
	};
	rootObject = B392FCA227C26E96002DD2FB /* Project object */;
}
